
Microsoft Visual Studio Solution File, Format Version 12.00
# Visual Studio 15
VisualStudioVersion = 15.0.28010.2036
MinimumVisualStudioVersion = 10.0.40219.1
Project("{FAE04EC0-301F-11D3-BF4B-00C04F79EFBC}") = "BreadthFirstSearch", "BreadthFirstSearch\BreadthFirstSearch.csproj", "{5D16B73E-2DF1-4E77-8A8C-38C78D80A756}"
EndProject
Global
	GlobalSection(SolutionConfigurationPlatforms) = preSolution
		Debug|Any CPU = Debug|Any CPU
		Release|Any CPU = Release|Any CPU
	EndGlobalSection
	GlobalSection(ProjectConfigurationPlatforms) = postSolution
		{5D16B73E-2DF1-4E77-8A8C-38C78D80A756}.Debug|Any CPU.ActiveCfg = Debug|Any CPU
		{5D16B73E-2DF1-4E77-8A8C-38C78D80A756}.Debug|Any CPU.Build.0 = Debug|Any CPU
		{5D16B73E-2DF1-4E77-8A8C-38C78D80A756}.Release|Any CPU.ActiveCfg = Release|Any CPU
		{5D16B73E-2DF1-4E77-8A8C-38C78D80A756}.Release|Any CPU.Build.0 = Release|Any CPU
	EndGlobalSection
	GlobalSection(SolutionProperties) = preSolution
		HideSolutionNode = FALSE
	EndGlobalSection
	GlobalSection(ExtensibilityGlobals) = postSolution
		SolutionGuid = {6C229A4E-0D6D-4F3F-9FB0-EE9D7D26FA2A}
	EndGlobalSection
EndGlobal
