
Microsoft Visual Studio Solution File, Format Version 12.00
# Visual Studio 15
VisualStudioVersion = 15.0.28010.2036
MinimumVisualStudioVersion = 10.0.40219.1
Project("{FAE04EC0-301F-11D3-BF4B-00C04F79EFBC}") = "MergeSort", "MergeSort\MergeSort.csproj", "{671FF934-227C-41DC-A391-A15353A0CB84}"
EndProject
Global
	GlobalSection(SolutionConfigurationPlatforms) = preSolution
		Debug|Any CPU = Debug|Any CPU
		Release|Any CPU = Release|Any CPU
	EndGlobalSection
	GlobalSection(ProjectConfigurationPlatforms) = postSolution
		{671FF934-227C-41DC-A391-A15353A0CB84}.Debug|Any CPU.ActiveCfg = Debug|Any CPU
		{671FF934-227C-41DC-A391-A15353A0CB84}.Debug|Any CPU.Build.0 = Debug|Any CPU
		{671FF934-227C-41DC-A391-A15353A0CB84}.Release|Any CPU.ActiveCfg = Release|Any CPU
		{671FF934-227C-41DC-A391-A15353A0CB84}.Release|Any CPU.Build.0 = Release|Any CPU
	EndGlobalSection
	GlobalSection(SolutionProperties) = preSolution
		HideSolutionNode = FALSE
	EndGlobalSection
	GlobalSection(ExtensibilityGlobals) = postSolution
		SolutionGuid = {FC51D014-5614-4C23-A125-6D6D27B6DF91}
	EndGlobalSection
EndGlobal
