
Microsoft Visual Studio Solution File, Format Version 12.00
# Visual Studio 15
VisualStudioVersion = 15.0.28010.2036
MinimumVisualStudioVersion = 10.0.40219.1
Project("{FAE04EC0-301F-11D3-BF4B-00C04F79EFBC}") = "MaxTree", "MaxTree\MaxTree.csproj", "{2EB8506A-16B7-4D72-9D8F-C36BCF91969A}"
EndProject
Project("{FAE04EC0-301F-11D3-BF4B-00C04F79EFBC}") = "MaxTreeTest", "MaxTreeTest\MaxTreeTest.csproj", "{2012F5E5-D5B3-4BE8-A8E4-E680CAC37F1E}"
EndProject
Global
	GlobalSection(SolutionConfigurationPlatforms) = preSolution
		Debug|Any CPU = Debug|Any CPU
		Release|Any CPU = Release|Any CPU
	EndGlobalSection
	GlobalSection(ProjectConfigurationPlatforms) = postSolution
		{2EB8506A-16B7-4D72-9D8F-C36BCF91969A}.Debug|Any CPU.ActiveCfg = Debug|Any CPU
		{2EB8506A-16B7-4D72-9D8F-C36BCF91969A}.Debug|Any CPU.Build.0 = Debug|Any CPU
		{2EB8506A-16B7-4D72-9D8F-C36BCF91969A}.Release|Any CPU.ActiveCfg = Release|Any CPU
		{2EB8506A-16B7-4D72-9D8F-C36BCF91969A}.Release|Any CPU.Build.0 = Release|Any CPU
		{2012F5E5-D5B3-4BE8-A8E4-E680CAC37F1E}.Debug|Any CPU.ActiveCfg = Debug|Any CPU
		{2012F5E5-D5B3-4BE8-A8E4-E680CAC37F1E}.Debug|Any CPU.Build.0 = Debug|Any CPU
		{2012F5E5-D5B3-4BE8-A8E4-E680CAC37F1E}.Release|Any CPU.ActiveCfg = Release|Any CPU
		{2012F5E5-D5B3-4BE8-A8E4-E680CAC37F1E}.Release|Any CPU.Build.0 = Release|Any CPU
	EndGlobalSection
	GlobalSection(SolutionProperties) = preSolution
		HideSolutionNode = FALSE
	EndGlobalSection
	GlobalSection(ExtensibilityGlobals) = postSolution
		SolutionGuid = {445E583C-3713-4FE0-8049-14108854AE2D}
	EndGlobalSection
EndGlobal
