
Microsoft Visual Studio Solution File, Format Version 12.00
# Visual Studio 15
VisualStudioVersion = 15.0.28010.2036
MinimumVisualStudioVersion = 10.0.40219.1
Project("{FAE04EC0-301F-11D3-BF4B-00C04F79EFBC}") = "BinarySearch", "BinarySearch\BinarySearch.csproj", "{D4AFF63C-5BB1-4D47-B373-7284DE9F1268}"
EndProject
Project("{FAE04EC0-301F-11D3-BF4B-00C04F79EFBC}") = "BinaryTest", "BinaryTest\BinaryTest.csproj", "{0C2C4C1D-FF5D-4935-8B3D-5FD157AE6C7B}"
EndProject
Global
	GlobalSection(SolutionConfigurationPlatforms) = preSolution
		Debug|Any CPU = Debug|Any CPU
		Release|Any CPU = Release|Any CPU
	EndGlobalSection
	GlobalSection(ProjectConfigurationPlatforms) = postSolution
		{D4AFF63C-5BB1-4D47-B373-7284DE9F1268}.Debug|Any CPU.ActiveCfg = Debug|Any CPU
		{D4AFF63C-5BB1-4D47-B373-7284DE9F1268}.Debug|Any CPU.Build.0 = Debug|Any CPU
		{D4AFF63C-5BB1-4D47-B373-7284DE9F1268}.Release|Any CPU.ActiveCfg = Release|Any CPU
		{D4AFF63C-5BB1-4D47-B373-7284DE9F1268}.Release|Any CPU.Build.0 = Release|Any CPU
		{0C2C4C1D-FF5D-4935-8B3D-5FD157AE6C7B}.Debug|Any CPU.ActiveCfg = Debug|Any CPU
		{0C2C4C1D-FF5D-4935-8B3D-5FD157AE6C7B}.Debug|Any CPU.Build.0 = Debug|Any CPU
		{0C2C4C1D-FF5D-4935-8B3D-5FD157AE6C7B}.Release|Any CPU.ActiveCfg = Release|Any CPU
		{0C2C4C1D-FF5D-4935-8B3D-5FD157AE6C7B}.Release|Any CPU.Build.0 = Release|Any CPU
	EndGlobalSection
	GlobalSection(SolutionProperties) = preSolution
		HideSolutionNode = FALSE
	EndGlobalSection
	GlobalSection(ExtensibilityGlobals) = postSolution
		SolutionGuid = {ACC59BF3-14D3-4BBD-A0C2-0CDAB8048DBD}
	EndGlobalSection
EndGlobal
