
Microsoft Visual Studio Solution File, Format Version 12.00
# Visual Studio 15
VisualStudioVersion = 15.0.28010.2036
MinimumVisualStudioVersion = 10.0.40219.1
Project("{FAE04EC0-301F-11D3-BF4B-00C04F79EFBC}") = "RepeatedWord", "RepeatedWord\RepeatedWord.csproj", "{3E774403-7AF3-4210-91F5-44A4A15FC76B}"
EndProject
Global
	GlobalSection(SolutionConfigurationPlatforms) = preSolution
		Debug|Any CPU = Debug|Any CPU
		Release|Any CPU = Release|Any CPU
	EndGlobalSection
	GlobalSection(ProjectConfigurationPlatforms) = postSolution
		{3E774403-7AF3-4210-91F5-44A4A15FC76B}.Debug|Any CPU.ActiveCfg = Debug|Any CPU
		{3E774403-7AF3-4210-91F5-44A4A15FC76B}.Debug|Any CPU.Build.0 = Debug|Any CPU
		{3E774403-7AF3-4210-91F5-44A4A15FC76B}.Release|Any CPU.ActiveCfg = Release|Any CPU
		{3E774403-7AF3-4210-91F5-44A4A15FC76B}.Release|Any CPU.Build.0 = Release|Any CPU
	EndGlobalSection
	GlobalSection(SolutionProperties) = preSolution
		HideSolutionNode = FALSE
	EndGlobalSection
	GlobalSection(ExtensibilityGlobals) = postSolution
		SolutionGuid = {A7D569D6-C633-460B-9B81-15513C428F7F}
	EndGlobalSection
EndGlobal
