
Microsoft Visual Studio Solution File, Format Version 12.00
# Visual Studio 15
VisualStudioVersion = 15.0.28010.2046
MinimumVisualStudioVersion = 10.0.40219.1
Project("{FAE04EC0-301F-11D3-BF4B-00C04F79EFBC}") = "FibbonaciSequence", "FibbonaciSequence\FibbonaciSequence.csproj", "{FE040CA4-7432-48A6-A330-FCA51D8AB544}"
EndProject
Project("{FAE04EC0-301F-11D3-BF4B-00C04F79EFBC}") = "XUnitTestProject1", "XUnitTestProject1\XUnitTestProject1.csproj", "{DF908AFF-4659-4A2D-811F-ED3D9D34E432}"
EndProject
Global
	GlobalSection(SolutionConfigurationPlatforms) = preSolution
		Debug|Any CPU = Debug|Any CPU
		Release|Any CPU = Release|Any CPU
	EndGlobalSection
	GlobalSection(ProjectConfigurationPlatforms) = postSolution
		{FE040CA4-7432-48A6-A330-FCA51D8AB544}.Debug|Any CPU.ActiveCfg = Debug|Any CPU
		{FE040CA4-7432-48A6-A330-FCA51D8AB544}.Debug|Any CPU.Build.0 = Debug|Any CPU
		{FE040CA4-7432-48A6-A330-FCA51D8AB544}.Release|Any CPU.ActiveCfg = Release|Any CPU
		{FE040CA4-7432-48A6-A330-FCA51D8AB544}.Release|Any CPU.Build.0 = Release|Any CPU
		{DF908AFF-4659-4A2D-811F-ED3D9D34E432}.Debug|Any CPU.ActiveCfg = Debug|Any CPU
		{DF908AFF-4659-4A2D-811F-ED3D9D34E432}.Debug|Any CPU.Build.0 = Debug|Any CPU
		{DF908AFF-4659-4A2D-811F-ED3D9D34E432}.Release|Any CPU.ActiveCfg = Release|Any CPU
		{DF908AFF-4659-4A2D-811F-ED3D9D34E432}.Release|Any CPU.Build.0 = Release|Any CPU
	EndGlobalSection
	GlobalSection(SolutionProperties) = preSolution
		HideSolutionNode = FALSE
	EndGlobalSection
	GlobalSection(ExtensibilityGlobals) = postSolution
		SolutionGuid = {EE8A7D15-5128-47E3-86D8-8AAA4EC6F69B}
	EndGlobalSection
EndGlobal
