
Microsoft Visual Studio Solution File, Format Version 12.00
# Visual Studio 15
VisualStudioVersion = 15.0.28010.2036
MinimumVisualStudioVersion = 10.0.40219.1
Project("{9A19103F-16F7-4668-BE54-9A1E7A4F7556}") = "MultiBracketValidation", "MultiBracketValidation\MultiBracketValidation.csproj", "{89648994-FC3C-4A2C-9E97-E6BF16DED403}"
EndProject
Project("{FAE04EC0-301F-11D3-BF4B-00C04F79EFBC}") = "MultiBracketTEst", "MultiBracketTEst\MultiBracketTEst.csproj", "{0CE0F5F1-B99E-41D7-9113-7350F704D296}"
EndProject
Global
	GlobalSection(SolutionConfigurationPlatforms) = preSolution
		Debug|Any CPU = Debug|Any CPU
		Release|Any CPU = Release|Any CPU
	EndGlobalSection
	GlobalSection(ProjectConfigurationPlatforms) = postSolution
		{89648994-FC3C-4A2C-9E97-E6BF16DED403}.Debug|Any CPU.ActiveCfg = Debug|Any CPU
		{89648994-FC3C-4A2C-9E97-E6BF16DED403}.Debug|Any CPU.Build.0 = Debug|Any CPU
		{89648994-FC3C-4A2C-9E97-E6BF16DED403}.Release|Any CPU.ActiveCfg = Release|Any CPU
		{89648994-FC3C-4A2C-9E97-E6BF16DED403}.Release|Any CPU.Build.0 = Release|Any CPU
		{0CE0F5F1-B99E-41D7-9113-7350F704D296}.Debug|Any CPU.ActiveCfg = Debug|Any CPU
		{0CE0F5F1-B99E-41D7-9113-7350F704D296}.Debug|Any CPU.Build.0 = Debug|Any CPU
		{0CE0F5F1-B99E-41D7-9113-7350F704D296}.Release|Any CPU.ActiveCfg = Release|Any CPU
		{0CE0F5F1-B99E-41D7-9113-7350F704D296}.Release|Any CPU.Build.0 = Release|Any CPU
	EndGlobalSection
	GlobalSection(SolutionProperties) = preSolution
		HideSolutionNode = FALSE
	EndGlobalSection
	GlobalSection(ExtensibilityGlobals) = postSolution
		SolutionGuid = {3380CEE0-312A-402C-B47B-33C08D27322B}
	EndGlobalSection
EndGlobal
