
Microsoft Visual Studio Solution File, Format Version 12.00
# Visual Studio 15
VisualStudioVersion = 15.0.28010.2036
MinimumVisualStudioVersion = 10.0.40219.1
Project("{9A19103F-16F7-4668-BE54-9A1E7A4F7556}") = "Tree", "Tree\Tree.csproj", "{0825CE09-9688-4BFA-9A65-99BB78ED2322}"
EndProject
Project("{FAE04EC0-301F-11D3-BF4B-00C04F79EFBC}") = "TreeTest", "TreeTest\TreeTest.csproj", "{DF280C43-6007-4902-AF1D-3B6E34AE20E0}"
EndProject
Global
	GlobalSection(SolutionConfigurationPlatforms) = preSolution
		Debug|Any CPU = Debug|Any CPU
		Release|Any CPU = Release|Any CPU
	EndGlobalSection
	GlobalSection(ProjectConfigurationPlatforms) = postSolution
		{0825CE09-9688-4BFA-9A65-99BB78ED2322}.Debug|Any CPU.ActiveCfg = Debug|Any CPU
		{0825CE09-9688-4BFA-9A65-99BB78ED2322}.Debug|Any CPU.Build.0 = Debug|Any CPU
		{0825CE09-9688-4BFA-9A65-99BB78ED2322}.Release|Any CPU.ActiveCfg = Release|Any CPU
		{0825CE09-9688-4BFA-9A65-99BB78ED2322}.Release|Any CPU.Build.0 = Release|Any CPU
		{DF280C43-6007-4902-AF1D-3B6E34AE20E0}.Debug|Any CPU.ActiveCfg = Debug|Any CPU
		{DF280C43-6007-4902-AF1D-3B6E34AE20E0}.Debug|Any CPU.Build.0 = Debug|Any CPU
		{DF280C43-6007-4902-AF1D-3B6E34AE20E0}.Release|Any CPU.ActiveCfg = Release|Any CPU
		{DF280C43-6007-4902-AF1D-3B6E34AE20E0}.Release|Any CPU.Build.0 = Release|Any CPU
	EndGlobalSection
	GlobalSection(SolutionProperties) = preSolution
		HideSolutionNode = FALSE
	EndGlobalSection
	GlobalSection(ExtensibilityGlobals) = postSolution
		SolutionGuid = {F3FE159E-578D-40F4-9EA9-1322FA7E5CE1}
	EndGlobalSection
EndGlobal
