
Microsoft Visual Studio Solution File, Format Version 12.00
# Visual Studio 15
VisualStudioVersion = 15.0.28010.2046
MinimumVisualStudioVersion = 10.0.40219.1
Project("{FAE04EC0-301F-11D3-BF4B-00C04F79EFBC}") = "EeneyMeeney", "EeneyMeeney\EeneyMeeney.csproj", "{8290748F-5FEF-4C4F-8B02-4873B2EF874A}"
EndProject
Global
	GlobalSection(SolutionConfigurationPlatforms) = preSolution
		Debug|Any CPU = Debug|Any CPU
		Release|Any CPU = Release|Any CPU
	EndGlobalSection
	GlobalSection(ProjectConfigurationPlatforms) = postSolution
		{8290748F-5FEF-4C4F-8B02-4873B2EF874A}.Debug|Any CPU.ActiveCfg = Debug|Any CPU
		{8290748F-5FEF-4C4F-8B02-4873B2EF874A}.Debug|Any CPU.Build.0 = Debug|Any CPU
		{8290748F-5FEF-4C4F-8B02-4873B2EF874A}.Release|Any CPU.ActiveCfg = Release|Any CPU
		{8290748F-5FEF-4C4F-8B02-4873B2EF874A}.Release|Any CPU.Build.0 = Release|Any CPU
	EndGlobalSection
	GlobalSection(SolutionProperties) = preSolution
		HideSolutionNode = FALSE
	EndGlobalSection
	GlobalSection(ExtensibilityGlobals) = postSolution
		SolutionGuid = {E76865A0-9FF4-4D55-A151-E48B8F443161}
	EndGlobalSection
EndGlobal
