
Microsoft Visual Studio Solution File, Format Version 12.00
# Visual Studio 15
VisualStudioVersion = 15.0.28010.2036
MinimumVisualStudioVersion = 10.0.40219.1
Project("{FAE04EC0-301F-11D3-BF4B-00C04F79EFBC}") = "ReverseLList", "ReverseLList\ReverseLList.csproj", "{7809E3F5-4052-422F-9BD5-7A2BC257BFB5}"
EndProject
Global
	GlobalSection(SolutionConfigurationPlatforms) = preSolution
		Debug|Any CPU = Debug|Any CPU
		Release|Any CPU = Release|Any CPU
	EndGlobalSection
	GlobalSection(ProjectConfigurationPlatforms) = postSolution
		{7809E3F5-4052-422F-9BD5-7A2BC257BFB5}.Debug|Any CPU.ActiveCfg = Debug|Any CPU
		{7809E3F5-4052-422F-9BD5-7A2BC257BFB5}.Debug|Any CPU.Build.0 = Debug|Any CPU
		{7809E3F5-4052-422F-9BD5-7A2BC257BFB5}.Release|Any CPU.ActiveCfg = Release|Any CPU
		{7809E3F5-4052-422F-9BD5-7A2BC257BFB5}.Release|Any CPU.Build.0 = Release|Any CPU
	EndGlobalSection
	GlobalSection(SolutionProperties) = preSolution
		HideSolutionNode = FALSE
	EndGlobalSection
	GlobalSection(ExtensibilityGlobals) = postSolution
		SolutionGuid = {79D07BEE-CBDA-4DAE-8E02-B2EB8E767282}
	EndGlobalSection
EndGlobal
